github.com/appleboy/queue v0.0.3 h1:rntqVTm6ilh80VCVQjwA0vDMCl1cfveq6GS6X98fKwE=
github.com/appleboy/queue v0.0.3/go.mod h1:6Mn0z4hURZW/26huvRXG0SJ4o7pBdo6hOryRiegy/4Q=
github.com/appleboy/queue v0.0.4-0.20210725052905-4ef008157945 h1:Mec41QJ0hGDtbyfWgHfuXKqTu0a8hSIIBhL3sNbNjqQ=
github.com/appleboy/queue v0.0.4-0.20210725052905-4ef008157945/go.mod h1:6Mn0z4hURZW/26huvRXG0SJ4o7pBdo6hOryRiegy/4Q=
github.com/appleboy/queue v0.0.4-0.20210726005953-79774a856a1e h1:+Mj8GY3F5J6rJCUoUlqAu68UUwaP2B3G4Xce5eSBNY0=
github.com/appleboy/queue v0.0.4-0.20210726005953-79774a856a1e/go.mod h1:6Mn0z4hURZW/26huvRXG0SJ4o7pBdo6hOryRiegy/4Q=
github.com/davecgh/go-spew v1.1.0/go.mod h1:J7Y8YcW2NihsgmVo/mv3lAwl/skON4iLHjSsI+c5H38=
github.com/golang/snappy v0.0.1/go.mod h1:/XxbfmMg8lxefKM7IXC3fBNl/7bRcc72aCRzEWrmP2Q=
github.com/nsqio/go-nsq v1.0.8/go.mod h1:vKq36oyeVXgsS5Q8YEO7WghqidAVXQlcFxzQbQTuDEY=
github.com/pmezard/go-difflib v1.0.0/go.mod h1:iKH77koFhYxTK1pcRnkKkqfTogsbg7gZNVY4sRDYZ/4=
github.com/stretchr/objx v0.1.0/go.mod h1:HFkY916IF+rwdDfMAkV7OtwuqBVzrE8GR6GFx+wExME=
github.com/stretchr/testify v1.7.0/go.mod h1:6Fq8oRcR53rry900zMqJjRRixrwX3KX962/h/Wwjteg=
gopkg.in/check.v1 v0.0.0-20161208181325-20d25e280405/go.mod h1:Co6ibVJAznAaIkqp8huTwlJQCZ016jof/cbN4VW5Yz0=
gopkg.in/yaml.v3 v3.0.0-20200313102051-9f266ea9e77c/go.mod h1:K4uyk7z7BCEPqu6E+C64Yfv1cQ7kz7rIZviUmN+EgEM=
